
Microsoft Visual Studio Solution File, Format Version 12.00
# Visual Studio Version 17
VisualStudioVersion = 17.0.32126.317
MinimumVisualStudioVersion = 10.0.40219.1
Project("{FAE04EC0-301F-11D3-BF4B-00C04F79EFBC}") = "RomanNumberCalculator", "RomanNumberCalculator\RomanNumberCalculator.csproj", "{027F5D6C-EC40-4561-BF58-1BFD78D9BF7A}"
EndProject
Global
	GlobalSection(SolutionConfigurationPlatforms) = preSolution
		Debug|Any CPU = Debug|Any CPU
		Release|Any CPU = Release|Any CPU
	EndGlobalSection
	GlobalSection(ProjectConfigurationPlatforms) = postSolution
		{027F5D6C-EC40-4561-BF58-1BFD78D9BF7A}.Debug|Any CPU.ActiveCfg = Debug|Any CPU
		{027F5D6C-EC40-4561-BF58-1BFD78D9BF7A}.Debug|Any CPU.Build.0 = Debug|Any CPU
		{027F5D6C-EC40-4561-BF58-1BFD78D9BF7A}.Release|Any CPU.ActiveCfg = Release|Any CPU
		{027F5D6C-EC40-4561-BF58-1BFD78D9BF7A}.Release|Any CPU.Build.0 = Release|Any CPU
	EndGlobalSection
	GlobalSection(SolutionProperties) = preSolution
		HideSolutionNode = FALSE
	EndGlobalSection
	GlobalSection(ExtensibilityGlobals) = postSolution
		SolutionGuid = {14FDE474-9A2F-4E83-89B6-1351CE8E686A}
	EndGlobalSection
EndGlobal
